
Microsoft Visual Studio Solution File, Format Version 12.00
# Visual Studio Version 17
VisualStudioVersion = 17.11.35327.3
MinimumVisualStudioVersion = 10.0.40219.1
Project("{FAE04EC0-301F-11D3-BF4B-00C04F79EFBC}") = "GestaoObra_TP25460", "GestaoObra_TP25460.csproj", "{F1462523-4C46-40AA-A8D8-0A2C5B03B9B4}"
EndProject
Global
	GlobalSection(SolutionConfigurationPlatforms) = preSolution
		Debug|Any CPU = Debug|Any CPU
		Release|Any CPU = Release|Any CPU
	EndGlobalSection
	GlobalSection(ProjectConfigurationPlatforms) = postSolution
		{F1462523-4C46-40AA-A8D8-0A2C5B03B9B4}.Debug|Any CPU.ActiveCfg = Debug|Any CPU
		{F1462523-4C46-40AA-A8D8-0A2C5B03B9B4}.Debug|Any CPU.Build.0 = Debug|Any CPU
		{F1462523-4C46-40AA-A8D8-0A2C5B03B9B4}.Release|Any CPU.ActiveCfg = Release|Any CPU
		{F1462523-4C46-40AA-A8D8-0A2C5B03B9B4}.Release|Any CPU.Build.0 = Release|Any CPU
	EndGlobalSection
	GlobalSection(SolutionProperties) = preSolution
		HideSolutionNode = FALSE
	EndGlobalSection
	GlobalSection(ExtensibilityGlobals) = postSolution
		SolutionGuid = {F005DD57-DC2E-478B-9FDA-3406A6B8C93F}
	EndGlobalSection
EndGlobal
